<?xml version="1.0" encoding="utf-8"?>
<Project ToolsVersion="18.0" xmlns="http://schemas.microsoft.com/developer/msbuild/2003">
  <ItemGroup>
    <CustomBuild Include="D:\CodeSpace\S-Demo\CPP-Practice\memory_pool\build-asan\CMakeFiles\164606ef7a1eadaa36e09954e5a8750e\generate.stamp.rule">
      <Filter>CMake Rules</Filter>
    </CustomBuild>
  </ItemGroup>
  <ItemGroup>
    <Filter Include="CMake Rules">
      <UniqueIdentifier>{2B9C9DFE-EB56-371F-A269-DFC0C51F05FF}</UniqueIdentifier>
    </Filter>
  </ItemGroup>
</Project>
